
Microsoft Visual Studio Solution File, Format Version 12.00
# Visual Studio Version 17
VisualStudioVersion = 17.11.35222.181
MinimumVisualStudioVersion = 10.0.40219.1
Project("{FAE04EC0-301F-11D3-BF4B-00C04F79EFBC}") = "API", "API\API.csproj", "{A1CE2F87-EE15-47DA-B5D8-3D698A34A743}"
EndProject
Global
	GlobalSection(SolutionConfigurationPlatforms) = preSolution
		Debug|Any CPU = Debug|Any CPU
		Release|Any CPU = Release|Any CPU
	EndGlobalSection
	GlobalSection(ProjectConfigurationPlatforms) = postSolution
		{A1CE2F87-EE15-47DA-B5D8-3D698A34A743}.Debug|Any CPU.ActiveCfg = Debug|Any CPU
		{A1CE2F87-EE15-47DA-B5D8-3D698A34A743}.Debug|Any CPU.Build.0 = Debug|Any CPU
		{A1CE2F87-EE15-47DA-B5D8-3D698A34A743}.Release|Any CPU.ActiveCfg = Release|Any CPU
		{A1CE2F87-EE15-47DA-B5D8-3D698A34A743}.Release|Any CPU.Build.0 = Release|Any CPU
	EndGlobalSection
	GlobalSection(SolutionProperties) = preSolution
		HideSolutionNode = FALSE
	EndGlobalSection
	GlobalSection(ExtensibilityGlobals) = postSolution
		SolutionGuid = {8443315D-E307-4794-8BE5-B4C88FA529C8}
	EndGlobalSection
EndGlobal
