
Microsoft Visual Studio Solution File, Format Version 12.00
# Visual Studio Version 17
VisualStudioVersion = 17.11.35222.181
MinimumVisualStudioVersion = 10.0.40219.1
Project("{FAE04EC0-301F-11D3-BF4B-00C04F79EFBC}") = "EncryptionAPIServices.API", "EncryptionAPIServices.API\EncryptionAPIServices.API.csproj", "{59A347B7-E07E-49D4-A8E3-F9AA2C8DFECE}"
EndProject
Global
	GlobalSection(SolutionConfigurationPlatforms) = preSolution
		Debug|Any CPU = Debug|Any CPU
		Release|Any CPU = Release|Any CPU
	EndGlobalSection
	GlobalSection(ProjectConfigurationPlatforms) = postSolution
		{59A347B7-E07E-49D4-A8E3-F9AA2C8DFECE}.Debug|Any CPU.ActiveCfg = Debug|Any CPU
		{59A347B7-E07E-49D4-A8E3-F9AA2C8DFECE}.Debug|Any CPU.Build.0 = Debug|Any CPU
		{59A347B7-E07E-49D4-A8E3-F9AA2C8DFECE}.Release|Any CPU.ActiveCfg = Release|Any CPU
		{59A347B7-E07E-49D4-A8E3-F9AA2C8DFECE}.Release|Any CPU.Build.0 = Release|Any CPU
	EndGlobalSection
	GlobalSection(SolutionProperties) = preSolution
		HideSolutionNode = FALSE
	EndGlobalSection
	GlobalSection(ExtensibilityGlobals) = postSolution
		SolutionGuid = {8443315D-E307-4794-8BE5-B4C88FA529C8}
	EndGlobalSection
EndGlobal
